Microsoft Visual Studio Solution File, Format Version 12.00
# Visual Studio Express 2013 for Web
VisualStudioVersion = 12.0.40629.0
MinimumVisualStudioVersion = 10.0.40219.1
Project("{FAE04EC0-301F-11D3-BF4B-00C04F79EFBC}") = "HomeCinema.Web", "HomeCinema.Web\HomeCinema.Web.csproj", "{53118897-9BBB-400E-82E5-9638A307F611}"
EndProject
Project("{2150E333-8FDC-42A3-9474-1A3956D46DE8}") = ".nuget", ".nuget", "{D7216542-58AF-4EA4-BA02-AAB3344EA64A}"
EndProject
Project("{FAE04EC0-301F-11D3-BF4B-00C04F79EFBC}") = "HomeCinema.Data", "HomeCinema.Data\HomeCinema.Data.csproj", "{A6488A6F-9D79-4780-B945-738191F0DFCA}"
EndProject
Project("{FAE04EC0-301F-11D3-BF4B-00C04F79EFBC}") = "HomeCinema.Entities", "HomeCinema.Entities\HomeCinema.Entities.csproj", "{99B902B2-E723-4629-8317-420002E75E24}"
EndProject
Project("{FAE04EC0-301F-11D3-BF4B-00C04F79EFBC}") = "HomeCinema.Services", "HomeCinema.Services\HomeCinema.Services.csproj", "{2B0131AB-CD43-47FE-8D0E-2C80EE069762}"
EndProject
Global
	GlobalSection(SolutionConfigurationPlatforms) = preSolution
		Debug|Any CPU = Debug|Any CPU
		Release|Any CPU = Release|Any CPU
	EndGlobalSection
	GlobalSection(ProjectConfigurationPlatforms) = postSolution
		{53118897-9BBB-400E-82E5-9638A307F611}.Debug|Any CPU.ActiveCfg = Debug|Any CPU
		{53118897-9BBB-400E-82E5-9638A307F611}.Debug|Any CPU.Build.0 = Debug|Any CPU
		{53118897-9BBB-400E-82E5-9638A307F611}.Release|Any CPU.ActiveCfg = Release|Any CPU
		{53118897-9BBB-400E-82E5-9638A307F611}.Release|Any CPU.Build.0 = Release|Any CPU
		{A6488A6F-9D79-4780-B945-738191F0DFCA}.Debug|Any CPU.ActiveCfg = Debug|Any CPU
		{A6488A6F-9D79-4780-B945-738191F0DFCA}.Debug|Any CPU.Build.0 = Debug|Any CPU
		{A6488A6F-9D79-4780-B945-738191F0DFCA}.Release|Any CPU.ActiveCfg = Release|Any CPU
		{A6488A6F-9D79-4780-B945-738191F0DFCA}.Release|Any CPU.Build.0 = Release|Any CPU
		{99B902B2-E723-4629-8317-420002E75E24}.Debug|Any CPU.ActiveCfg = Debug|Any CPU
		{99B902B2-E723-4629-8317-420002E75E24}.Debug|Any CPU.Build.0 = Debug|Any CPU
		{99B902B2-E723-4629-8317-420002E75E24}.Release|Any CPU.ActiveCfg = Release|Any CPU
		{99B902B2-E723-4629-8317-420002E75E24}.Release|Any CPU.Build.0 = Release|Any CPU
		{2B0131AB-CD43-47FE-8D0E-2C80EE069762}.Debug|Any CPU.ActiveCfg = Debug|Any CPU
		{2B0131AB-CD43-47FE-8D0E-2C80EE069762}.Debug|Any CPU.Build.0 = Debug|Any CPU
		{2B0131AB-CD43-47FE-8D0E-2C80EE069762}.Release|Any CPU.ActiveCfg = Release|Any CPU
		{2B0131AB-CD43-47FE-8D0E-2C80EE069762}.Release|Any CPU.Build.0 = Release|Any CPU
	EndGlobalSection
	GlobalSection(SolutionProperties) = preSolution
		HideSolutionNode = FALSE
	EndGlobalSection
EndGlobal
